
Microsoft Visual Studio Solution File, Format Version 12.00
# Visual Studio Version 16
VisualStudioVersion = 16.0.30907.101
MinimumVisualStudioVersion = 10.0.40219.1
Project("{FAE04EC0-301F-11D3-BF4B-00C04F79EFBC}") = "UnitTest2", "UnitTest2.csproj", "{88482AD3-1D5E-4F57-90C3-6BF35A021F6F}"
EndProject
Global
	GlobalSection(SolutionConfigurationPlatforms) = preSolution
		Debug|Any CPU = Debug|Any CPU
		Release|Any CPU = Release|Any CPU
	EndGlobalSection
	GlobalSection(ProjectConfigurationPlatforms) = postSolution
		{88482AD3-1D5E-4F57-90C3-6BF35A021F6F}.Debug|Any CPU.ActiveCfg = Debug|Any CPU
		{88482AD3-1D5E-4F57-90C3-6BF35A021F6F}.Debug|Any CPU.Build.0 = Debug|Any CPU
		{88482AD3-1D5E-4F57-90C3-6BF35A021F6F}.Release|Any CPU.ActiveCfg = Release|Any CPU
		{88482AD3-1D5E-4F57-90C3-6BF35A021F6F}.Release|Any CPU.Build.0 = Release|Any CPU
	EndGlobalSection
	GlobalSection(SolutionProperties) = preSolution
		HideSolutionNode = FALSE
	EndGlobalSection
	GlobalSection(ExtensibilityGlobals) = postSolution
		SolutionGuid = {F6E069B3-BFAC-4D41-B82D-318812CBC15E}
	EndGlobalSection
EndGlobal
